{
  "version": 4,
  "terraform_version": "1.4.4",
  "serial": 19,
  "lineage": "869bffae-ec3b-edab-8bd0-6a8c3022f28b",
  "outputs": {},
  "resources": [
    {
      "mode": "managed",
      "type": "system_packages_apt",
      "name": "nginx",
      "provider": "provider[\"registry.terraform.io/neuspaces/system\"]",
      "instances": [
        {
          "schema_version": 1,
          "attributes": {
            "id": "nginx",
            "internal": "eyJwcmVfaW5zdGFsbGVkIjp7Im5naW54IjpmYWxzZX19",
            "package": [
              {
                "name": "nginx",
                "versions": [
                  {
                    "available": "",
                    "installed": "1.18.0-6ubuntu14.3"
                  }
                ]
              }
            ]
          },
          "sensitive_attributes": [],
          "private": "eyJzY2hlbWFfdmVyc2lvbiI6IjEifQ=="
        }
      ]
    },
    {
      "mode": "managed",
      "type": "system_service_systemd",
      "name": "nginx",
      "provider": "provider[\"registry.terraform.io/neuspaces/system\"]",
      "instances": [
        {
          "schema_version": 1,
          "attributes": {
            "enabled": true,
            "id": "nginx",
            "internal": "eyJwcmVfc3RhdHVzIjoic3RhcnRlZCIsInByZV9lbmFibGVkIjp0cnVlfQ==",
            "name": "nginx",
            "reload_on": null,
            "restart_on": null,
            "scope": "system",
            "status": "started"
          },
          "sensitive_attributes": [],
          "private": "eyJzY2hlbWFfdmVyc2lvbiI6IjEifQ=="
        }
      ]
    }
  ],
  "check_results": null
}
